{
  "originHash": "3c009705295debd758a10629b8baa52374371e123c769d77ed7efb1378fcfe67",
  "pins": [
    {
      "identity": "appauth-ios",
      "kind": "remoteSourceControl",
      "location": "https://github.com/openid/AppAuth-iOS.git",
      "state": {
        "revision": "2781038865a80e2c425a1da12cc1327bcd56501f",
        "version": "1.7.6"
      }
    },
    {
      "identity": "googledatatransport",
      "kind": "remoteSourceControl",
      "location": "https://github.com/google/GoogleDataTransport.git",
      "state": {
        "revision": "617af071af9aa1d6a091d59a202910ac482128f9",
        "version": "10.1.0"
      }
    },
    {
      "identity": "googlesignin-ios",
      "kind": "remoteSourceControl",
      "location": "https://github.com/google/GoogleSignIn-iOS",
      "state": {
        "revision": "a7965d134c5d3567026c523e0a8a583f73b62b0d",
        "version": "7.1.0"
      }
    },
    {
      "identity": "googleutilities",
      "kind": "remoteSourceControl",
      "location": "https://github.com/google/GoogleUtilities.git",
      "state": {
        "revision": "60da361632d0de02786f709bdc0c4df340f7613e",
        "version": "8.1.0"
      }
    },
    {
      "identity": "gtm-session-fetcher",
      "kind": "remoteSourceControl",
      "location": "https://github.com/google/gtm-session-fetcher.git",
      "state": {
        "revision": "a2ab612cb980066ee56d90d60d8462992c07f24b",
        "version": "3.5.0"
      }
    },
    {
      "identity": "gtmappauth",
      "kind": "remoteSourceControl",
      "location": "https://github.com/google/GTMAppAuth.git",
      "state": {
        "revision": "5d7d66f647400952b1758b230e019b07c0b4b22a",
        "version": "4.1.1"
      }
    },
    {
      "identity": "nanopb",
      "kind": "remoteSourceControl",
      "location": "https://github.com/firebase/nanopb.git",
      "state": {
        "revision": "b7e1104502eca3a213b46303391ca4d3bc8ddec1",
        "version": "2.30910.0"
      }
    },
    {
      "identity": "promises",
      "kind": "remoteSourceControl",
      "location": "https://github.com/google/promises.git",
      "state": {
        "revision": "540318ecedd63d883069ae7f1ed811a2df00b6ac",
        "version": "2.4.0"
      }
    }
  ],
  "version": 3
}
